# THIS IS AN AUTOGENERATED FILE. DO NOT EDIT THIS FILE DIRECTLY.
# yarn lockfile v1


acorn-es7-plugin@^1.0.12:
  version "1.1.5"
  resolved "https://nexus.soma.salesforce.com/nexus/content/groups/npm-all/acorn-es7-plugin/-/acorn-es7-plugin-1.1.5.tgz#f31e1a618f439bfdde8851dd875a3a163ca8201f"

acorn@^4.0.0:
  version "4.0.4"
  resolved "https://nexus.soma.salesforce.com/nexus/content/groups/npm-all/acorn/-/acorn-4.0.4.tgz#17a8d6a7a6c4ef538b814ec9abac2779293bf30a"

ansi-regex@^2.0.0:
  version "2.1.1"
  resolved "https://nexus.soma.salesforce.com/nexus/content/groups/npm-all/ansi-regex/-/ansi-regex-2.1.1.tgz#c3b33ab5ee360d86e0e628f0468ae7ef27d654df"

ansi-styles@^2.2.1:
  version "2.2.1"
  resolved "https://nexus.soma.salesforce.com/nexus/content/groups/npm-all/ansi-styles/-/ansi-styles-2.2.1.tgz#b432dd3358b634cf75e1e4664368240533c1ddbe"

arr-diff@^2.0.0:
  version "2.0.0"
  resolved "https://nexus.soma.salesforce.com/nexus/content/groups/npm-all/arr-diff/-/arr-diff-2.0.0.tgz#8f3b827f955a8bd669697e4a4256ac3ceae356cf"
  dependencies:
    arr-flatten "^1.0.1"

arr-flatten@^1.0.1:
  version "1.0.3"
  resolved "https://nexus.soma.salesforce.com/nexus/content/groups/npm-all/arr-flatten/-/arr-flatten-1.0.3.tgz#a274ed85ac08849b6bd7847c4580745dc51adfb1"

array-filter@^1.0.0:
  version "1.0.0"
  resolved "https://nexus.soma.salesforce.com/nexus/content/groups/npm-all/array-filter/-/array-filter-1.0.0.tgz#baf79e62e6ef4c2a4c0b831232daffec251f9d83"

array-unique@^0.2.1:
  version "0.2.1"
  resolved "https://nexus.soma.salesforce.com/nexus/content/groups/npm-all/array-unique/-/array-unique-0.2.1.tgz#a1d97ccafcbc2625cc70fadceb36a50c58b01a53"

babel-code-frame@^6.22.0:
  version "6.22.0"
  resolved "https://nexus.soma.salesforce.com/nexus/content/groups/npm-all/babel-code-frame/-/babel-code-frame-6.22.0.tgz#027620bee567a88c32561574e7fd0801d33118e4"
  dependencies:
    chalk "^1.1.0"
    esutils "^2.0.2"
    js-tokens "^3.0.0"

babel-core@^6.24.0:
  version "6.24.0"
  resolved "https://nexus.soma.salesforce.com/nexus/content/groups/npm-all/babel-core/-/babel-core-6.24.0.tgz#8f36a0a77f5c155aed6f920b844d23ba56742a02"
  dependencies:
    babel-code-frame "^6.22.0"
    babel-generator "^6.24.0"
    babel-helpers "^6.23.0"
    babel-messages "^6.23.0"
    babel-register "^6.24.0"
    babel-runtime "^6.22.0"
    babel-template "^6.23.0"
    babel-traverse "^6.23.1"
    babel-types "^6.23.0"
    babylon "^6.11.0"
    convert-source-map "^1.1.0"
    debug "^2.1.1"
    json5 "^0.5.0"
    lodash "^4.2.0"
    minimatch "^3.0.2"
    path-is-absolute "^1.0.0"
    private "^0.1.6"
    slash "^1.0.0"
    source-map "^0.5.0"

babel-generator@^6.24.0:
  version "6.24.0"
  resolved "https://nexus.soma.salesforce.com/nexus/content/groups/npm-all/babel-generator/-/babel-generator-6.24.0.tgz#eba270a8cc4ce6e09a61be43465d7c62c1f87c56"
  dependencies:
    babel-messages "^6.23.0"
    babel-runtime "^6.22.0"
    babel-types "^6.23.0"
    detect-indent "^4.0.0"
    jsesc "^1.3.0"
    lodash "^4.2.0"
    source-map "^0.5.0"
    trim-right "^1.0.1"

babel-helpers@^6.23.0:
  version "6.23.0"
  resolved "https://nexus.soma.salesforce.com/nexus/content/groups/npm-all/babel-helpers/-/babel-helpers-6.23.0.tgz#4f8f2e092d0b6a8808a4bde79c27f1e2ecf0d992"
  dependencies:
    babel-runtime "^6.22.0"
    babel-template "^6.23.0"

babel-messages@^6.23.0:
  version "6.23.0"
  resolved "https://nexus.soma.salesforce.com/nexus/content/groups/npm-all/babel-messages/-/babel-messages-6.23.0.tgz#f3cdf4703858035b2a2951c6ec5edf6c62f2630e"
  dependencies:
    babel-runtime "^6.22.0"

babel-register@^6.24.0:
  version "6.24.0"
  resolved "https://nexus.soma.salesforce.com/nexus/content/groups/npm-all/babel-register/-/babel-register-6.24.0.tgz#5e89f8463ba9970356d02eb07dabe3308b080cfd"
  dependencies:
    babel-core "^6.24.0"
    babel-runtime "^6.22.0"
    core-js "^2.4.0"
    home-or-tmp "^2.0.0"
    lodash "^4.2.0"
    mkdirp "^0.5.1"
    source-map-support "^0.4.2"

babel-runtime@^6.22.0:
  version "6.23.0"
  resolved "https://nexus.soma.salesforce.com/nexus/content/groups/npm-all/babel-runtime/-/babel-runtime-6.23.0.tgz#0a9489f144de70efb3ce4300accdb329e2fc543b"
  dependencies:
    core-js "^2.4.0"
    regenerator-runtime "^0.10.0"

babel-template@^6.23.0:
  version "6.23.0"
  resolved "https://nexus.soma.salesforce.com/nexus/content/groups/npm-all/babel-template/-/babel-template-6.23.0.tgz#04d4f270adbb3aa704a8143ae26faa529238e638"
  dependencies:
    babel-runtime "^6.22.0"
    babel-traverse "^6.23.0"
    babel-types "^6.23.0"
    babylon "^6.11.0"
    lodash "^4.2.0"

babel-traverse@^6.23.0, babel-traverse@^6.23.1:
  version "6.23.1"
  resolved "https://nexus.soma.salesforce.com/nexus/content/groups/npm-all/babel-traverse/-/babel-traverse-6.23.1.tgz#d3cb59010ecd06a97d81310065f966b699e14f48"
  dependencies:
    babel-code-frame "^6.22.0"
    babel-messages "^6.23.0"
    babel-runtime "^6.22.0"
    babel-types "^6.23.0"
    babylon "^6.15.0"
    debug "^2.2.0"
    globals "^9.0.0"
    invariant "^2.2.0"
    lodash "^4.2.0"

babel-types@^6.23.0:
  version "6.23.0"
  resolved "https://nexus.soma.salesforce.com/nexus/content/groups/npm-all/babel-types/-/babel-types-6.23.0.tgz#bb17179d7538bad38cd0c9e115d340f77e7e9acf"
  dependencies:
    babel-runtime "^6.22.0"
    esutils "^2.0.2"
    lodash "^4.2.0"
    to-fast-properties "^1.0.1"

babylon@^6.11.0, babylon@^6.15.0:
  version "6.16.1"
  resolved "https://nexus.soma.salesforce.com/nexus/content/groups/npm-all/babylon/-/babylon-6.16.1.tgz#30c5a22f481978a9e7f8cdfdf496b11d94b404d3"

balanced-match@^0.4.1:
  version "0.4.2"
  resolved "https://nexus.soma.salesforce.com/nexus/content/groups/npm-all/balanced-match/-/balanced-match-0.4.2.tgz#cb3f3e3c732dc0f01ee70b403f302e61d7709838"

brace-expansion@^1.0.0:
  version "1.1.6"
  resolved "https://nexus.soma.salesforce.com/nexus/content/groups/npm-all/brace-expansion/-/brace-expansion-1.1.6.tgz#7197d7eaa9b87e648390ea61fc66c84427420df9"
  dependencies:
    balanced-match "^0.4.1"
    concat-map "0.0.1"

braces@^1.8.2:
  version "1.8.5"
  resolved "https://nexus.soma.salesforce.com/nexus/content/groups/npm-all/braces/-/braces-1.8.5.tgz#ba77962e12dff969d6b76711e914b737857bf6a7"
  dependencies:
    expand-range "^1.8.1"
    preserve "^0.2.0"
    repeat-element "^1.1.2"

browser-stdout@1.3.0:
  version "1.3.0"
  resolved "https://nexus.soma.salesforce.com/nexus/content/groups/npm-all/browser-stdout/-/browser-stdout-1.3.0.tgz#f351d32969d32fa5d7a5567154263d928ae3bd1f"

call-signature@0.0.2:
  version "0.0.2"
  resolved "https://nexus.soma.salesforce.com/nexus/content/groups/npm-all/call-signature/-/call-signature-0.0.2.tgz#a84abc825a55ef4cb2b028bd74e205a65b9a4996"

chalk@^1.1.0:
  version "1.1.3"
  resolved "https://nexus.soma.salesforce.com/nexus/content/groups/npm-all/chalk/-/chalk-1.1.3.tgz#a8115c55e4a702fe4d150abd3872822a7e09fc98"
  dependencies:
    ansi-styles "^2.2.1"
    escape-string-regexp "^1.0.2"
    has-ansi "^2.0.0"
    strip-ansi "^3.0.0"
    supports-color "^2.0.0"

commander@2.9.0:
  version "2.9.0"
  resolved "https://nexus.soma.salesforce.com/nexus/content/groups/npm-all/commander/-/commander-2.9.0.tgz#9c99094176e12240cb22d6c5146098400fe0f7d4"
  dependencies:
    graceful-readlink ">= 1.0.0"

concat-map@0.0.1:
  version "0.0.1"
  resolved "https://nexus.soma.salesforce.com/nexus/content/groups/npm-all/concat-map/-/concat-map-0.0.1.tgz#d8a96bd77fd68df7793a73036a3ba0d5405d477b"

convert-source-map@^1.1.0:
  version "1.4.0"
  resolved "https://nexus.soma.salesforce.com/nexus/content/groups/npm-all/convert-source-map/-/convert-source-map-1.4.0.tgz#e3dad195bf61bfe13a7a3c73e9876ec14a0268f3"

core-js@^2.0.0, core-js@^2.4.0:
  version "2.4.1"
  resolved "https://nexus.soma.salesforce.com/nexus/content/groups/npm-all/core-js/-/core-js-2.4.1.tgz#4de911e667b0eae9124e34254b53aea6fc618d3e"

debug@2.2.0, debug@^2.1.1, debug@^2.2.0:
  version "2.2.0"
  resolved "https://nexus.soma.salesforce.com/nexus/content/groups/npm-all/debug/-/debug-2.2.0.tgz#f87057e995b1a1f6ae6a4960664137bc56f039da"
  dependencies:
    ms "0.7.1"

define-properties@^1.1.2:
  version "1.1.2"
  resolved "https://nexus.soma.salesforce.com/nexus/content/groups/npm-all/define-properties/-/define-properties-1.1.2.tgz#83a73f2fea569898fb737193c8f873caf6d45c94"
  dependencies:
    foreach "^2.0.5"
    object-keys "^1.0.8"

detect-indent@^4.0.0:
  version "4.0.0"
  resolved "https://nexus.soma.salesforce.com/nexus/content/groups/npm-all/detect-indent/-/detect-indent-4.0.0.tgz#f76d064352cdf43a1cb6ce619c4ee3a9475de208"
  dependencies:
    repeating "^2.0.0"

diff-match-patch@^1.0.0:
  version "1.0.0"
  resolved "https://nexus.soma.salesforce.com/nexus/content/groups/npm-all/diff-match-patch/-/diff-match-patch-1.0.0.tgz#1cc3c83a490d67f95d91e39f6ad1f2e086b63048"

diff@1.4.0:
  version "1.4.0"
  resolved "https://nexus.soma.salesforce.com/nexus/content/groups/npm-all/diff/-/diff-1.4.0.tgz#7f28d2eb9ee7b15a97efd89ce63dcfdaa3ccbabf"

eastasianwidth@^0.1.1:
  version "0.1.1"
  resolved "https://nexus.soma.salesforce.com/nexus/content/groups/npm-all/eastasianwidth/-/eastasianwidth-0.1.1.tgz#44d656de9da415694467335365fb3147b8572b7c"

empower-core@^0.6.1:
  version "0.6.1"
  resolved "https://nexus.soma.salesforce.com/nexus/content/groups/npm-all/empower-core/-/empower-core-0.6.1.tgz#6c187f502fcef7554d57933396aac655483772b1"
  dependencies:
    call-signature "0.0.2"
    core-js "^2.0.0"

empower@^1.1.0:
  version "1.2.1"
  resolved "https://nexus.soma.salesforce.com/nexus/content/groups/npm-all/empower/-/empower-1.2.1.tgz#b63302741b6d503a241bff115befc948c8362c60"
  dependencies:
    core-js "^2.0.0"
    empower-core "^0.6.1"

escape-string-regexp@1.0.5, escape-string-regexp@^1.0.2:
  version "1.0.5"
  resolved "https://nexus.soma.salesforce.com/nexus/content/groups/npm-all/escape-string-regexp/-/escape-string-regexp-1.0.5.tgz#1b61c0562190a8dff6ae3bb2cf0200ca130b86d4"

espurify@^1.6.0:
  version "1.7.0"
  resolved "https://nexus.soma.salesforce.com/nexus/content/groups/npm-all/espurify/-/espurify-1.7.0.tgz#1c5cf6cbccc32e6f639380bd4f991fab9ba9d226"
  dependencies:
    core-js "^2.0.0"

estraverse@^4.1.0, estraverse@^4.2.0:
  version "4.2.0"
  resolved "https://nexus.soma.salesforce.com/nexus/content/groups/npm-all/estraverse/-/estraverse-4.2.0.tgz#0dee3fed31fcd469618ce7342099fc1afa0bdb13"

estree-walker@^0.3.0:
  version "0.3.1"
  resolved "https://nexus.soma.salesforce.com/nexus/content/groups/npm-all/estree-walker/-/estree-walker-0.3.1.tgz#e6b1a51cf7292524e7237c312e5fe6660c1ce1aa"

esutils@^2.0.2:
  version "2.0.2"
  resolved "https://nexus.soma.salesforce.com/nexus/content/groups/npm-all/esutils/-/esutils-2.0.2.tgz#0abf4f1caa5bcb1f7a9d8acc6dea4faaa04bac9b"

expand-brackets@^0.1.4:
  version "0.1.5"
  resolved "https://nexus.soma.salesforce.com/nexus/content/groups/npm-all/expand-brackets/-/expand-brackets-0.1.5.tgz#df07284e342a807cd733ac5af72411e581d1177b"
  dependencies:
    is-posix-bracket "^0.1.0"

expand-range@^1.8.1:
  version "1.8.2"
  resolved "https://nexus.soma.salesforce.com/nexus/content/groups/npm-all/expand-range/-/expand-range-1.8.2.tgz#a299effd335fe2721ebae8e257ec79644fc85337"
  dependencies:
    fill-range "^2.1.0"

extglob@^0.3.1:
  version "0.3.2"
  resolved "https://nexus.soma.salesforce.com/nexus/content/groups/npm-all/extglob/-/extglob-0.3.2.tgz#2e18ff3d2f49ab2765cec9023f011daa8d8349a1"
  dependencies:
    is-extglob "^1.0.0"

filename-regex@^2.0.0:
  version "2.0.1"
  resolved "https://nexus.soma.salesforce.com/nexus/content/groups/npm-all/filename-regex/-/filename-regex-2.0.1.tgz#c1c4b9bee3e09725ddb106b75c1e301fe2f18b26"

fill-range@^2.1.0:
  version "2.2.3"
  resolved "https://nexus.soma.salesforce.com/nexus/content/groups/npm-all/fill-range/-/fill-range-2.2.3.tgz#50b77dfd7e469bc7492470963699fe7a8485a723"
  dependencies:
    is-number "^2.1.0"
    isobject "^2.0.0"
    randomatic "^1.1.3"
    repeat-element "^1.1.2"
    repeat-string "^1.5.2"

for-in@^1.0.1:
  version "1.0.2"
  resolved "https://nexus.soma.salesforce.com/nexus/content/groups/npm-all/for-in/-/for-in-1.0.2.tgz#81068d295a8142ec0ac726c6e2200c30fb6d5e80"

for-own@^0.1.4:
  version "0.1.5"
  resolved "https://nexus.soma.salesforce.com/nexus/content/groups/npm-all/for-own/-/for-own-0.1.5.tgz#5265c681a4f294dabbf17c9509b6763aa84510ce"
  dependencies:
    for-in "^1.0.1"

foreach@^2.0.5:
  version "2.0.5"
  resolved "https://nexus.soma.salesforce.com/nexus/content/groups/npm-all/foreach/-/foreach-2.0.5.tgz#0bee005018aeb260d0a3af3ae658dd0136ec1b99"

fs.realpath@^1.0.0:
  version "1.0.0"
  resolved "https://nexus.soma.salesforce.com/nexus/content/groups/npm-all/fs.realpath/-/fs.realpath-1.0.0.tgz#1504ad2523158caa40db4a2787cb01411994ea4f"

glob-base@^0.3.0:
  version "0.3.0"
  resolved "https://nexus.soma.salesforce.com/nexus/content/groups/npm-all/glob-base/-/glob-base-0.3.0.tgz#dbb164f6221b1c0b1ccf82aea328b497df0ea3c4"
  dependencies:
    glob-parent "^2.0.0"
    is-glob "^2.0.0"

glob-parent@^2.0.0:
  version "2.0.0"
  resolved "https://nexus.soma.salesforce.com/nexus/content/groups/npm-all/glob-parent/-/glob-parent-2.0.0.tgz#81383d72db054fcccf5336daa902f182f6edbb28"
  dependencies:
    is-glob "^2.0.0"

glob@7.0.5:
  version "7.0.5"
  resolved "https://nexus.soma.salesforce.com/nexus/content/groups/npm-all/glob/-/glob-7.0.5.tgz#b4202a69099bbb4d292a7c1b95b6682b67ebdc95"
  dependencies:
    fs.realpath "^1.0.0"
    inflight "^1.0.4"
    inherits "2"
    minimatch "^3.0.2"
    once "^1.3.0"
    path-is-absolute "^1.0.0"

glob@^7.1.1:
  version "7.1.1"
  resolved "https://nexus.soma.salesforce.com/nexus/content/groups/npm-all/glob/-/glob-7.1.1.tgz#805211df04faaf1c63a3600306cdf5ade50b2ec8"
  dependencies:
    fs.realpath "^1.0.0"
    inflight "^1.0.4"
    inherits "2"
    minimatch "^3.0.2"
    once "^1.3.0"
    path-is-absolute "^1.0.0"

globals@^9.0.0:
  version "9.16.0"
  resolved "https://nexus.soma.salesforce.com/nexus/content/groups/npm-all/globals/-/globals-9.16.0.tgz#63e903658171ec2d9f51b1d31de5e2b8dc01fb80"

"graceful-readlink@>= 1.0.0":
  version "1.0.1"
  resolved "https://nexus.soma.salesforce.com/nexus/content/groups/npm-all/graceful-readlink/-/graceful-readlink-1.0.1.tgz#4cafad76bc62f02fa039b2f94e9a3dd3a391a725"

growl@1.9.2:
  version "1.9.2"
  resolved "https://nexus.soma.salesforce.com/nexus/content/groups/npm-all/growl/-/growl-1.9.2.tgz#0ea7743715db8d8de2c5ede1775e1b45ac85c02f"

has-ansi@^2.0.0:
  version "2.0.0"
  resolved "https://nexus.soma.salesforce.com/nexus/content/groups/npm-all/has-ansi/-/has-ansi-2.0.0.tgz#34f5049ce1ecdf2b0649af3ef24e45ed35416d91"
  dependencies:
    ansi-regex "^2.0.0"

has-flag@^1.0.0:
  version "1.0.0"
  resolved "https://nexus.soma.salesforce.com/nexus/content/groups/npm-all/has-flag/-/has-flag-1.0.0.tgz#9d9e793165ce017a00f00418c43f942a7b1d11fa"

home-or-tmp@^2.0.0:
  version "2.0.0"
  resolved "https://nexus.soma.salesforce.com/nexus/content/groups/npm-all/home-or-tmp/-/home-or-tmp-2.0.0.tgz#e36c3f2d2cae7d746a857e38d18d5f32a7882db8"
  dependencies:
    os-homedir "^1.0.0"
    os-tmpdir "^1.0.1"

indexof@0.0.1:
  version "0.0.1"
  resolved "https://nexus.soma.salesforce.com/nexus/content/groups/npm-all/indexof/-/indexof-0.0.1.tgz#82dc336d232b9062179d05ab3293a66059fd435d"

inflight@^1.0.4:
  version "1.0.6"
  resolved "https://nexus.soma.salesforce.com/nexus/content/groups/npm-all/inflight/-/inflight-1.0.6.tgz#49bd6331d7d02d0c09bc910a1075ba8165b56df9"
  dependencies:
    once "^1.3.0"
    wrappy "1"

inherits@2:
  version "2.0.3"
  resolved "https://nexus.soma.salesforce.com/nexus/content/groups/npm-all/inherits/-/inherits-2.0.3.tgz#633c2c83e3da42a502f52466022480f4208261de"

invariant@^2.2.0:
  version "2.2.2"
  resolved "https://nexus.soma.salesforce.com/nexus/content/groups/npm-all/invariant/-/invariant-2.2.2.tgz#9e1f56ac0acdb6bf303306f338be3b204ae60360"
  dependencies:
    loose-envify "^1.0.0"

is-buffer@^1.1.5:
  version "1.1.5"
  resolved "https://nexus.soma.salesforce.com/nexus/content/groups/npm-all/is-buffer/-/is-buffer-1.1.5.tgz#1f3b26ef613b214b88cbca23cc6c01d87961eecc"

is-dotfile@^1.0.0:
  version "1.0.2"
  resolved "https://nexus.soma.salesforce.com/nexus/content/groups/npm-all/is-dotfile/-/is-dotfile-1.0.2.tgz#2c132383f39199f8edc268ca01b9b007d205cc4d"

is-equal-shallow@^0.1.3:
  version "0.1.3"
  resolved "https://nexus.soma.salesforce.com/nexus/content/groups/npm-all/is-equal-shallow/-/is-equal-shallow-0.1.3.tgz#2238098fc221de0bcfa5d9eac4c45d638aa1c534"
  dependencies:
    is-primitive "^2.0.0"

is-extendable@^0.1.1:
  version "0.1.1"
  resolved "https://nexus.soma.salesforce.com/nexus/content/groups/npm-all/is-extendable/-/is-extendable-0.1.1.tgz#62b110e289a471418e3ec36a617d472e301dfc89"

is-extglob@^1.0.0:
  version "1.0.0"
  resolved "https://nexus.soma.salesforce.com/nexus/content/groups/npm-all/is-extglob/-/is-extglob-1.0.0.tgz#ac468177c4943405a092fc8f29760c6ffc6206c0"

is-finite@^1.0.0:
  version "1.0.2"
  resolved "https://nexus.soma.salesforce.com/nexus/content/groups/npm-all/is-finite/-/is-finite-1.0.2.tgz#cc6677695602be550ef11e8b4aa6305342b6d0aa"
  dependencies:
    number-is-nan "^1.0.0"

is-glob@^2.0.0, is-glob@^2.0.1:
  version "2.0.1"
  resolved "https://nexus.soma.salesforce.com/nexus/content/groups/npm-all/is-glob/-/is-glob-2.0.1.tgz#d096f926a3ded5600f3fdfd91198cb0888c2d863"
  dependencies:
    is-extglob "^1.0.0"

is-number@^2.0.2, is-number@^2.1.0:
  version "2.1.0"
  resolved "https://nexus.soma.salesforce.com/nexus/content/groups/npm-all/is-number/-/is-number-2.1.0.tgz#01fcbbb393463a548f2f466cce16dece49db908f"
  dependencies:
    kind-of "^3.0.2"

is-posix-bracket@^0.1.0:
  version "0.1.1"
  resolved "https://nexus.soma.salesforce.com/nexus/content/groups/npm-all/is-posix-bracket/-/is-posix-bracket-0.1.1.tgz#3334dc79774368e92f016e6fbc0a88f5cd6e6bc4"

is-primitive@^2.0.0:
  version "2.0.0"
  resolved "https://nexus.soma.salesforce.com/nexus/content/groups/npm-all/is-primitive/-/is-primitive-2.0.0.tgz#207bab91638499c07b2adf240a41a87210034575"

isarray@1.0.0:
  version "1.0.0"
  resolved "https://nexus.soma.salesforce.com/nexus/content/groups/npm-all/isarray/-/isarray-1.0.0.tgz#bb935d48582cba168c06834957a54a3e07124f11"

isobject@^2.0.0:
  version "2.1.0"
  resolved "https://nexus.soma.salesforce.com/nexus/content/groups/npm-all/isobject/-/isobject-2.1.0.tgz#f065561096a3f1da2ef46272f815c840d87e0c89"
  dependencies:
    isarray "1.0.0"

js-tokens@^3.0.0:
  version "3.0.1"
  resolved "https://nexus.soma.salesforce.com/nexus/content/groups/npm-all/js-tokens/-/js-tokens-3.0.1.tgz#08e9f132484a2c45a30907e9dc4d5567b7f114d7"

jsesc@^1.3.0:
  version "1.3.0"
  resolved "https://nexus.soma.salesforce.com/nexus/content/groups/npm-all/jsesc/-/jsesc-1.3.0.tgz#46c3fec8c1892b12b0833db9bc7622176dbab34b"

json3@3.3.2:
  version "3.3.2"
  resolved "https://nexus.soma.salesforce.com/nexus/content/groups/npm-all/json3/-/json3-3.3.2.tgz#3c0434743df93e2f5c42aee7b19bcb483575f4e1"

json5@^0.5.0:
  version "0.5.1"
  resolved "https://nexus.soma.salesforce.com/nexus/content/groups/npm-all/json5/-/json5-0.5.1.tgz#1eade7acc012034ad84e2396767ead9fa5495821"

kind-of@^3.0.2:
  version "3.2.0"
  resolved "https://nexus.soma.salesforce.com/nexus/content/groups/npm-all/kind-of/-/kind-of-3.2.0.tgz#b58abe4d5c044ad33726a8c1525b48cf891bff07"
  dependencies:
    is-buffer "^1.1.5"

lodash._baseassign@^3.0.0:
  version "3.2.0"
  resolved "https://nexus.soma.salesforce.com/nexus/content/groups/npm-all/lodash._baseassign/-/lodash._baseassign-3.2.0.tgz#8c38a099500f215ad09e59f1722fd0c52bfe0a4e"
  dependencies:
    lodash._basecopy "^3.0.0"
    lodash.keys "^3.0.0"

lodash._basecopy@^3.0.0:
  version "3.0.1"
  resolved "https://nexus.soma.salesforce.com/nexus/content/groups/npm-all/lodash._basecopy/-/lodash._basecopy-3.0.1.tgz#8da0e6a876cf344c0ad8a54882111dd3c5c7ca36"

lodash._basecreate@^3.0.0:
  version "3.0.3"
  resolved "https://nexus.soma.salesforce.com/nexus/content/groups/npm-all/lodash._basecreate/-/lodash._basecreate-3.0.3.tgz#1bc661614daa7fc311b7d03bf16806a0213cf821"

lodash._getnative@^3.0.0:
  version "3.9.1"
  resolved "https://nexus.soma.salesforce.com/nexus/content/groups/npm-all/lodash._getnative/-/lodash._getnative-3.9.1.tgz#570bc7dede46d61cdcde687d65d3eecbaa3aaff5"

lodash._isiterateecall@^3.0.0:
  version "3.0.9"
  resolved "https://nexus.soma.salesforce.com/nexus/content/groups/npm-all/lodash._isiterateecall/-/lodash._isiterateecall-3.0.9.tgz#5203ad7ba425fae842460e696db9cf3e6aac057c"

lodash.create@3.1.1:
  version "3.1.1"
  resolved "https://nexus.soma.salesforce.com/nexus/content/groups/npm-all/lodash.create/-/lodash.create-3.1.1.tgz#d7f2849f0dbda7e04682bb8cd72ab022461debe7"
  dependencies:
    lodash._baseassign "^3.0.0"
    lodash._basecreate "^3.0.0"
    lodash._isiterateecall "^3.0.0"

lodash.isarguments@^3.0.0:
  version "3.1.0"
  resolved "https://nexus.soma.salesforce.com/nexus/content/groups/npm-all/lodash.isarguments/-/lodash.isarguments-3.1.0.tgz#2f573d85c6a24289ff00663b491c1d338ff3458a"

lodash.isarray@^3.0.0:
  version "3.0.4"
  resolved "https://nexus.soma.salesforce.com/nexus/content/groups/npm-all/lodash.isarray/-/lodash.isarray-3.0.4.tgz#79e4eb88c36a8122af86f844aa9bcd851b5fbb55"

lodash.keys@^3.0.0:
  version "3.1.2"
  resolved "https://nexus.soma.salesforce.com/nexus/content/groups/npm-all/lodash.keys/-/lodash.keys-3.1.2.tgz#4dbc0472b156be50a0b286855d1bd0b0c656098a"
  dependencies:
    lodash._getnative "^3.0.0"
    lodash.isarguments "^3.0.0"
    lodash.isarray "^3.0.0"

lodash@^4.2.0:
  version "4.17.4"
  resolved "https://nexus.soma.salesforce.com/nexus/content/groups/npm-all/lodash/-/lodash-4.17.4.tgz#78203a4d1c328ae1d86dca6460e369b57f4055ae"

loose-envify@^1.0.0:
  version "1.3.1"
  resolved "https://nexus.soma.salesforce.com/nexus/content/groups/npm-all/loose-envify/-/loose-envify-1.3.1.tgz#d1a8ad33fa9ce0e713d65fdd0ac8b748d478c848"
  dependencies:
    js-tokens "^3.0.0"

micromatch@^2.3.11:
  version "2.3.11"
  resolved "https://nexus.soma.salesforce.com/nexus/content/groups/npm-all/micromatch/-/micromatch-2.3.11.tgz#86677c97d1720b363431d04d0d15293bd38c1565"
  dependencies:
    arr-diff "^2.0.0"
    array-unique "^0.2.1"
    braces "^1.8.2"
    expand-brackets "^0.1.4"
    extglob "^0.3.1"
    filename-regex "^2.0.0"
    is-extglob "^1.0.0"
    is-glob "^2.0.1"
    kind-of "^3.0.2"
    normalize-path "^2.0.1"
    object.omit "^2.0.0"
    parse-glob "^3.0.4"
    regex-cache "^0.4.2"

minimatch@^3.0.2:
  version "3.0.3"
  resolved "https://nexus.soma.salesforce.com/nexus/content/groups/npm-all/minimatch/-/minimatch-3.0.3.tgz#2a4e4090b96b2db06a9d7df01055a62a77c9b774"
  dependencies:
    brace-expansion "^1.0.0"

minimist@0.0.8:
  version "0.0.8"
  resolved "https://nexus.soma.salesforce.com/nexus/content/groups/npm-all/minimist/-/minimist-0.0.8.tgz#857fcabfc3397d2625b8228262e86aa7a011b05d"

mkdirp@0.5.1, mkdirp@^0.5.1:
  version "0.5.1"
  resolved "https://nexus.soma.salesforce.com/nexus/content/groups/npm-all/mkdirp/-/mkdirp-0.5.1.tgz#30057438eac6cf7f8c4767f38648d6697d75c903"
  dependencies:
    minimist "0.0.8"

mocha@^3.2.0:
  version "3.2.0"
  resolved "https://nexus.soma.salesforce.com/nexus/content/groups/npm-all/mocha/-/mocha-3.2.0.tgz#7dc4f45e5088075171a68896814e6ae9eb7a85e3"
  dependencies:
    browser-stdout "1.3.0"
    commander "2.9.0"
    debug "2.2.0"
    diff "1.4.0"
    escape-string-regexp "1.0.5"
    glob "7.0.5"
    growl "1.9.2"
    json3 "3.3.2"
    lodash.create "3.1.1"
    mkdirp "0.5.1"
    supports-color "3.1.2"

ms@0.7.1:
  version "0.7.1"
  resolved "https://nexus.soma.salesforce.com/nexus/content/groups/npm-all/ms/-/ms-0.7.1.tgz#9cd13c03adbff25b65effde7ce864ee952017098"

normalize-path@^2.0.1:
  version "2.1.1"
  resolved "https://nexus.soma.salesforce.com/nexus/content/groups/npm-all/normalize-path/-/normalize-path-2.1.1.tgz#1ab28b556e198363a8c1a6f7e6fa20137fe6aed9"
  dependencies:
    remove-trailing-separator "^1.0.1"

number-is-nan@^1.0.0:
  version "1.0.1"
  resolved "https://nexus.soma.salesforce.com/nexus/content/groups/npm-all/number-is-nan/-/number-is-nan-1.0.1.tgz#097b602b53422a522c1afb8790318336941a011d"

object-keys@^1.0.0, object-keys@^1.0.8:
  version "1.0.11"
  resolved "https://nexus.soma.salesforce.com/nexus/content/groups/npm-all/object-keys/-/object-keys-1.0.11.tgz#c54601778ad560f1142ce0e01bcca8b56d13426d"

object.omit@^2.0.0:
  version "2.0.1"
  resolved "https://nexus.soma.salesforce.com/nexus/content/groups/npm-all/object.omit/-/object.omit-2.0.1.tgz#1a9c744829f39dbb858c76ca3579ae2a54ebd1fa"
  dependencies:
    for-own "^0.1.4"
    is-extendable "^0.1.1"

once@^1.3.0:
  version "1.4.0"
  resolved "https://nexus.soma.salesforce.com/nexus/content/groups/npm-all/once/-/once-1.4.0.tgz#583b1aa775961d4b113ac17d9c50baef9dd76bd1"
  dependencies:
    wrappy "1"

os-homedir@^1.0.0:
  version "1.0.2"
  resolved "https://nexus.soma.salesforce.com/nexus/content/groups/npm-all/os-homedir/-/os-homedir-1.0.2.tgz#ffbc4988336e0e833de0c168c7ef152121aa7fb3"

os-tmpdir@^1.0.1:
  version "1.0.2"
  resolved "https://nexus.soma.salesforce.com/nexus/content/groups/npm-all/os-tmpdir/-/os-tmpdir-1.0.2.tgz#bbe67406c79aa85c5cfec766fe5734555dfa1274"

parse-glob@^3.0.4:
  version "3.0.4"
  resolved "https://nexus.soma.salesforce.com/nexus/content/groups/npm-all/parse-glob/-/parse-glob-3.0.4.tgz#b2c376cfb11f35513badd173ef0bb6e3a388391c"
  dependencies:
    glob-base "^0.3.0"
    is-dotfile "^1.0.0"
    is-extglob "^1.0.0"
    is-glob "^2.0.0"

path-is-absolute@^1.0.0:
  version "1.0.1"
  resolved "https://nexus.soma.salesforce.com/nexus/content/groups/npm-all/path-is-absolute/-/path-is-absolute-1.0.1.tgz#174b9268735534ffbc7ace6bf53a5a9e1b5c5f5f"

power-assert-context-formatter@^1.0.7:
  version "1.1.1"
  resolved "https://nexus.soma.salesforce.com/nexus/content/groups/npm-all/power-assert-context-formatter/-/power-assert-context-formatter-1.1.1.tgz#edba352d3ed8a603114d667265acce60d689ccdf"
  dependencies:
    core-js "^2.0.0"
    power-assert-context-traversal "^1.1.1"

power-assert-context-reducer-ast@^1.0.7:
  version "1.1.1"
  resolved "https://nexus.soma.salesforce.com/nexus/content/groups/npm-all/power-assert-context-reducer-ast/-/power-assert-context-reducer-ast-1.1.1.tgz#bb419c65ea88c9a4dfc34a9dbcf82e971f6f69bc"
  dependencies:
    acorn "^4.0.0"
    acorn-es7-plugin "^1.0.12"
    core-js "^2.0.0"
    espurify "^1.6.0"
    estraverse "^4.2.0"

power-assert-context-traversal@^1.1.1:
  version "1.1.1"
  resolved "https://nexus.soma.salesforce.com/nexus/content/groups/npm-all/power-assert-context-traversal/-/power-assert-context-traversal-1.1.1.tgz#88cabca0d13b6359f07d3d3e8afa699264577ed9"
  dependencies:
    core-js "^2.0.0"
    estraverse "^4.1.0"

power-assert-formatter@^1.3.1:
  version "1.4.1"
  resolved "https://nexus.soma.salesforce.com/nexus/content/groups/npm-all/power-assert-formatter/-/power-assert-formatter-1.4.1.tgz#5dc125ed50a3dfb1dda26c19347f3bf58ec2884a"
  dependencies:
    core-js "^2.0.0"
    power-assert-context-formatter "^1.0.7"
    power-assert-context-reducer-ast "^1.0.7"
    power-assert-renderer-assertion "^1.0.7"
    power-assert-renderer-comparison "^1.0.7"
    power-assert-renderer-diagram "^1.0.7"
    power-assert-renderer-file "^1.0.7"

power-assert-renderer-assertion@^1.0.7:
  version "1.1.1"
  resolved "https://nexus.soma.salesforce.com/nexus/content/groups/npm-all/power-assert-renderer-assertion/-/power-assert-renderer-assertion-1.1.1.tgz#cbfc0e77e0086a8f96af3f1d8e67b9ee7e28ce98"
  dependencies:
    power-assert-renderer-base "^1.1.1"
    power-assert-util-string-width "^1.1.1"

power-assert-renderer-base@^1.1.1:
  version "1.1.1"
  resolved "https://nexus.soma.salesforce.com/nexus/content/groups/npm-all/power-assert-renderer-base/-/power-assert-renderer-base-1.1.1.tgz#96a650c6fd05ee1bc1f66b54ad61442c8b3f63eb"

power-assert-renderer-comparison@^1.0.7:
  version "1.1.1"
  resolved "https://nexus.soma.salesforce.com/nexus/content/groups/npm-all/power-assert-renderer-comparison/-/power-assert-renderer-comparison-1.1.1.tgz#d7439d97d85156be4e30a00f2fb5a72514ce3c08"
  dependencies:
    core-js "^2.0.0"
    diff-match-patch "^1.0.0"
    power-assert-renderer-base "^1.1.1"
    stringifier "^1.3.0"
    type-name "^2.0.1"

power-assert-renderer-diagram@^1.0.7:
  version "1.1.1"
  resolved "https://nexus.soma.salesforce.com/nexus/content/groups/npm-all/power-assert-renderer-diagram/-/power-assert-renderer-diagram-1.1.1.tgz#7e0c82cc08a84b155e51b5ae94f59709778a65fb"
  dependencies:
    core-js "^2.0.0"
    power-assert-renderer-base "^1.1.1"
    power-assert-util-string-width "^1.1.1"
    stringifier "^1.3.0"

power-assert-renderer-file@^1.0.7:
  version "1.1.1"
  resolved "https://nexus.soma.salesforce.com/nexus/content/groups/npm-all/power-assert-renderer-file/-/power-assert-renderer-file-1.1.1.tgz#a37e2bbd178ccacd04e78dbb79c92fe34933c5e7"
  dependencies:
    power-assert-renderer-base "^1.1.1"

power-assert-util-string-width@^1.1.1:
  version "1.1.1"
  resolved "https://nexus.soma.salesforce.com/nexus/content/groups/npm-all/power-assert-util-string-width/-/power-assert-util-string-width-1.1.1.tgz#be659eb7937fdd2e6c9a77268daaf64bd5b7c592"
  dependencies:
    eastasianwidth "^0.1.1"

power-assert@^1.4.2:
  version "1.4.2"
  resolved "https://nexus.soma.salesforce.com/nexus/content/groups/npm-all/power-assert/-/power-assert-1.4.2.tgz#43319cd0fecd3221f276f1cc49ffa2eaeb9a1815"
  dependencies:
    define-properties "^1.1.2"
    empower "^1.1.0"
    power-assert-formatter "^1.3.1"
    universal-deep-strict-equal "^1.2.1"
    xtend "^4.0.0"

preserve@^0.2.0:
  version "0.2.0"
  resolved "https://nexus.soma.salesforce.com/nexus/content/groups/npm-all/preserve/-/preserve-0.2.0.tgz#815ed1f6ebc65926f865b310c0713bcb3315ce4b"

private@^0.1.6:
  version "0.1.7"
  resolved "https://nexus.soma.salesforce.com/nexus/content/groups/npm-all/private/-/private-0.1.7.tgz#68ce5e8a1ef0a23bb570cc28537b5332aba63ef1"

randomatic@^1.1.3:
  version "1.1.6"
  resolved "https://nexus.soma.salesforce.com/nexus/content/groups/npm-all/randomatic/-/randomatic-1.1.6.tgz#110dcabff397e9dcff7c0789ccc0a49adf1ec5bb"
  dependencies:
    is-number "^2.0.2"
    kind-of "^3.0.2"

regenerator-runtime@^0.10.0:
  version "0.10.3"
  resolved "https://nexus.soma.salesforce.com/nexus/content/groups/npm-all/regenerator-runtime/-/regenerator-runtime-0.10.3.tgz#8c4367a904b51ea62a908ac310bf99ff90a82a3e"

regex-cache@^0.4.2:
  version "0.4.3"
  resolved "https://nexus.soma.salesforce.com/nexus/content/groups/npm-all/regex-cache/-/regex-cache-0.4.3.tgz#9b1a6c35d4d0dfcef5711ae651e8e9d3d7114145"
  dependencies:
    is-equal-shallow "^0.1.3"
    is-primitive "^2.0.0"

remove-trailing-separator@^1.0.1:
  version "1.0.1"
  resolved "https://nexus.soma.salesforce.com/nexus/content/groups/npm-all/remove-trailing-separator/-/remove-trailing-separator-1.0.1.tgz#615ebb96af559552d4bf4057c8436d486ab63cc4"

repeat-element@^1.1.2:
  version "1.1.2"
  resolved "https://nexus.soma.salesforce.com/nexus/content/groups/npm-all/repeat-element/-/repeat-element-1.1.2.tgz#ef089a178d1483baae4d93eb98b4f9e4e11d990a"

repeat-string@^1.5.2:
  version "1.6.1"
  resolved "https://nexus.soma.salesforce.com/nexus/content/groups/npm-all/repeat-string/-/repeat-string-1.6.1.tgz#8dcae470e1c88abc2d600fff4a776286da75e637"

repeating@^2.0.0:
  version "2.0.1"
  resolved "https://nexus.soma.salesforce.com/nexus/content/groups/npm-all/repeating/-/repeating-2.0.1.tgz#5214c53a926d3552707527fbab415dbc08d06dda"
  dependencies:
    is-finite "^1.0.0"

rollup-pluginutils@^2.0.1:
  version "2.0.1"
  resolved "https://nexus.soma.salesforce.com/nexus/content/groups/npm-all/rollup-pluginutils/-/rollup-pluginutils-2.0.1.tgz#7ec95b3573f6543a46a6461bd9a7c544525d0fc0"
  dependencies:
    estree-walker "^0.3.0"
    micromatch "^2.3.11"

rollup@^0.41.6:
  version "0.41.6"
  resolved "https://nexus.soma.salesforce.com/nexus/content/groups/npm-all/rollup/-/rollup-0.41.6.tgz#e0d05497877a398c104d816d2733a718a7a94e2a"
  dependencies:
    source-map-support "^0.4.0"

slash@^1.0.0:
  version "1.0.0"
  resolved "https://nexus.soma.salesforce.com/nexus/content/groups/npm-all/slash/-/slash-1.0.0.tgz#c41f2f6c39fc16d1cd17ad4b5d896114ae470d55"

source-map-support@^0.4.0, source-map-support@^0.4.2:
  version "0.4.11"
  resolved "https://nexus.soma.salesforce.com/nexus/content/groups/npm-all/source-map-support/-/source-map-support-0.4.11.tgz#647f939978b38535909530885303daf23279f322"
  dependencies:
    source-map "^0.5.3"

source-map@^0.5.0, source-map@^0.5.3:
  version "0.5.6"
  resolved "https://nexus.soma.salesforce.com/nexus/content/groups/npm-all/source-map/-/source-map-0.5.6.tgz#75ce38f52bf0733c5a7f0c118d81334a2bb5f412"

stringifier@^1.3.0:
  version "1.3.0"
  resolved "https://nexus.soma.salesforce.com/nexus/content/groups/npm-all/stringifier/-/stringifier-1.3.0.tgz#def18342f6933db0f2dbfc9aa02175b448c17959"
  dependencies:
    core-js "^2.0.0"
    traverse "^0.6.6"
    type-name "^2.0.1"

strip-ansi@^3.0.0:
  version "3.0.1"
  resolved "https://nexus.soma.salesforce.com/nexus/content/groups/npm-all/strip-ansi/-/strip-ansi-3.0.1.tgz#6a385fb8853d952d5ff05d0e8aaf94278dc63dcf"
  dependencies:
    ansi-regex "^2.0.0"

supports-color@3.1.2:
  version "3.1.2"
  resolved "https://nexus.soma.salesforce.com/nexus/content/groups/npm-all/supports-color/-/supports-color-3.1.2.tgz#72a262894d9d408b956ca05ff37b2ed8a6e2a2d5"
  dependencies:
    has-flag "^1.0.0"

supports-color@^2.0.0:
  version "2.0.0"
  resolved "https://nexus.soma.salesforce.com/nexus/content/groups/npm-all/supports-color/-/supports-color-2.0.0.tgz#535d045ce6b6363fa40117084629995e9df324c7"

to-fast-properties@^1.0.1:
  version "1.0.2"
  resolved "https://nexus.soma.salesforce.com/nexus/content/groups/npm-all/to-fast-properties/-/to-fast-properties-1.0.2.tgz#f3f5c0c3ba7299a7ef99427e44633257ade43320"

traverse@^0.6.6:
  version "0.6.6"
  resolved "https://nexus.soma.salesforce.com/nexus/content/groups/npm-all/traverse/-/traverse-0.6.6.tgz#cbdf560fd7b9af632502fed40f918c157ea97137"

trim-right@^1.0.1:
  version "1.0.1"
  resolved "https://nexus.soma.salesforce.com/nexus/content/groups/npm-all/trim-right/-/trim-right-1.0.1.tgz#cb2e1203067e0c8de1f614094b9fe45704ea6003"

type-name@^2.0.1:
  version "2.0.2"
  resolved "https://nexus.soma.salesforce.com/nexus/content/groups/npm-all/type-name/-/type-name-2.0.2.tgz#efe7d4123d8ac52afff7f40c7e4dec5266008fb4"

universal-deep-strict-equal@^1.2.1:
  version "1.2.2"
  resolved "https://nexus.soma.salesforce.com/nexus/content/groups/npm-all/universal-deep-strict-equal/-/universal-deep-strict-equal-1.2.2.tgz#0da4ac2f73cff7924c81fa4de018ca562ca2b0a7"
  dependencies:
    array-filter "^1.0.0"
    indexof "0.0.1"
    object-keys "^1.0.0"

wrappy@1:
  version "1.0.2"
  resolved "https://nexus.soma.salesforce.com/nexus/content/groups/npm-all/wrappy/-/wrappy-1.0.2.tgz#b5243d8f3ec1aa35f1364605bc0d1036e30ab69f"

xtend@^4.0.0:
  version "4.0.1"
  resolved "https://nexus.soma.salesforce.com/nexus/content/groups/npm-all/xtend/-/xtend-4.0.1.tgz#a5c6d532be656e23db820efb943a1f04998d63af"
